// !$*UTF8*$!
{
	archiveVersion = 1;
	classes = {
	};
	objectVersion = 50;
	objects = {

/* Begin PBXBuildFile section */
		D084E5F82331D3F100BAE45E /* AppDelegate.swift in Sources */ = {isa = PBXBuildFile; fileRef = D084E5F72331D3F100BAE45E /* AppDelegate.swift */; };
		D084E5FA2331D3F100BAE45E /* ViewController.swift in Sources */ = {isa = PBXBuildFile; fileRef = D084E5F92331D3F100BAE45E /* ViewController.swift */; };
		D084E5FC2331D3F400BAE45E /* Assets.xcassets in Resources */ = {isa = PBXBuildFile; fileRef = D084E5FB2331D3F400BAE45E /* Assets.xcassets */; };
		D084E5FF2331D3F400BAE45E /* Main.storyboard in Resources */ = {isa = PBXBuildFile; fileRef = D084E5FD2331D3F400BAE45E /* Main.storyboard */; };
		D084E6092331D52200BAE45E /* CoreBluetooth.framework in Frameworks */ = {isa = PBXBuildFile; fileRef = D084E6082331D52200BAE45E /* CoreBluetooth.framework */; };
/* End PBXBuildFile section */

/* Begin PBXFileReference section */
		D084E5F42331D3F100BAE45E /* MovesensePromiscuousMac.app */ = {isa = PBXFileReference; explicitFileType = wrapper.application; includeInIndex = 0; path = MovesensePromiscuousMac.app; sourceTree = BUILT_PRODUCTS_DIR; };
		D084E5F72331D3F100BAE45E /* AppDelegate.swift */ = {isa = PBXFileReference; lastKnownFileType = sourcecode.swift; path = AppDelegate.swift; sourceTree = "<group>"; };
		D084E5F92331D3F100BAE45E /* ViewController.swift */ = {isa = PBXFileReference; lastKnownFileType = sourcecode.swift; path = ViewController.swift; sourceTree = "<group>"; };
		D084E5FB2331D3F400BAE45E /* Assets.xcassets */ = {isa = PBXFileReference; lastKnownFileType = folder.assetcatalog; path = Assets.xcassets; sourceTree = "<group>"; };
		D084E5FE2331D3F400BAE45E /* Base */ = {isa = PBXFileReference; lastKnownFileType = file.storyboard; name = Base; path = Base.lproj/Main.storyboard; sourceTree = "<group>"; };
		D084E6002331D3F400BAE45E /* Info.plist */ = {isa = PBXFileReference; lastKnownFileType = text.plist.xml; path = Info.plist; sourceTree = "<group>"; };
		D084E6012331D3F400BAE45E /* MovesensePromiscuousMac.entitlements */ = {isa = PBXFileReference; lastKnownFileType = text.plist.entitlements; path = MovesensePromiscuousMac.entitlements; sourceTree = "<group>"; };
		D084E6082331D52200BAE45E /* CoreBluetooth.framework */ = {isa = PBXFileReference; lastKnownFileType = wrapper.framework; name = CoreBluetooth.framework; path = System/Library/Frameworks/CoreBluetooth.framework; sourceTree = SDKROOT; };
/* End PBXFileReference section */

/* Begin PBXFrameworksBuildPhase section */
		D084E5F12331D3F100BAE45E /* Frameworks */ = {
			isa = PBXFrameworksBuildPhase;
			buildActionMask = 2147483647;
			files = (
				D084E6092331D52200BAE45E /* CoreBluetooth.framework in Frameworks */,
			);
			runOnlyForDeploymentPostprocessing = 0;
		};
/* End PBXFrameworksBuildPhase section */

/* Begin PBXGroup section */
		D084E5EB2331D3F100BAE45E = {
			isa = PBXGroup;
			children = (
				D084E5F62331D3F100BAE45E /* MovesensePromiscuousMac */,
				D084E5F52331D3F100BAE45E /* Products */,
				D084E6072331D52200BAE45E /* Frameworks */,
			);
			sourceTree = "<group>";
		};
		D084E5F52331D3F100BAE45E /* Products */ = {
			isa = PBXGroup;
			children = (
				D084E5F42331D3F100BAE45E /* MovesensePromiscuousMac.app */,
			);
			name = Products;
			sourceTree = "<group>";
		};
		D084E5F62331D3F100BAE45E /* MovesensePromiscuousMac */ = {
			isa = PBXGroup;
			children = (
				D084E5F72331D3F100BAE45E /* AppDelegate.swift */,
				D084E5F92331D3F100BAE45E /* ViewController.swift */,
				D084E5FB2331D3F400BAE45E /* Assets.xcassets */,
				D084E5FD2331D3F400BAE45E /* Main.storyboard */,
				D084E6002331D3F400BAE45E /* Info.plist */,
				D084E6012331D3F400BAE45E /* MovesensePromiscuousMac.entitlements */,
			);
			path = MovesensePromiscuousMac;
			sourceTree = "<group>";
		};
		D084E6072331D52200BAE45E /* Frameworks */ = {
			isa = PBXGroup;
			children = (
				D084E6082331D52200BAE45E /* CoreBluetooth.framework */,
			);
			name = Frameworks;
			sourceTree = "<group>";
		};
/* End PBXGroup section */

/* Begin PBXNativeTarget section */
		D084E5F32331D3F100BAE45E /* MovesensePromiscuousMac */ = {
			isa = PBXNativeTarget;
			buildConfigurationList = D084E6042331D3F400BAE45E /* Build configuration list for PBXNativeTarget "MovesensePromiscuousMac" */;
			buildPhases = (
				D084E5F02331D3F100BAE45E /* Sources */,
				D084E5F12331D3F100BAE45E /* Frameworks */,
				D084E5F22331D3F100BAE45E /* Resources */,
			);
			buildRules = (
			);
			dependencies = (
			);
			name = MovesensePromiscuousMac;
			productName = MovesensePromiscuousMac;
			productReference = D084E5F42331D3F100BAE45E /* MovesensePromiscuousMac.app */;
			productType = "com.apple.product-type.application";
		};
/* End PBXNativeTarget section */

/* Begin PBXProject section */
		D084E5EC2331D3F100BAE45E /* Project object */ = {
			isa = PBXProject;
			attributes = {
				LastSwiftUpdateCheck = 1030;
				LastUpgradeCheck = 1030;
				ORGANIZATIONNAME = "Mayur Bhandary";
				TargetAttributes = {
					D084E5F32331D3F100BAE45E = {
						CreatedOnToolsVersion = 10.3;
						SystemCapabilities = {
							com.apple.Sandbox = {
								enabled = 1;
							};
						};
					};
				};
			};
			buildConfigurationList = D084E5EF2331D3F100BAE45E /* Build configuration list for PBXProject "MovesensePromiscuousMac" */;
			compatibilityVersion = "Xcode 9.3";
			developmentRegion = en;
			hasScannedForEncodings = 0;
			knownRegions = (
				en,
				Base,
			);
			mainGroup = D084E5EB2331D3F100BAE45E;
			productRefGroup = D084E5F52331D3F100BAE45E /* Products */;
			projectDirPath = "";
			projectRoot = "";
			targets = (
				D084E5F32331D3F100BAE45E /* MovesensePromiscuousMac */,
			);
		};
/* End PBXProject section */

/* Begin PBXResourcesBuildPhase section */
		D084E5F22331D3F100BAE45E /* Resources */ = {
			isa = PBXResourcesBuildPhase;
			buildActionMask = 2147483647;
			files = (
				D084E5FC2331D3F400BAE45E /* Assets.xcassets in Resources */,
				D084E5FF2331D3F400BAE45E /* Main.storyboard in Resources */,
			);
			runOnlyForDeploymentPostprocessing = 0;
		};
/* End PBXResourcesBuildPhase section */

/* Begin PBXSourcesBuildPhase section */
		D084E5F02331D3F100BAE45E /* Sources */ = {
			isa = PBXSourcesBuildPhase;
			buildActionMask = 2147483647;
			files = (
				D084E5FA2331D3F100BAE45E /* ViewController.swift in Sources */,
				D084E5F82331D3F100BAE45E /* AppDelegate.swift in Sources */,
			);
			runOnlyForDeploymentPostprocessing = 0;
		};
/* End PBXSourcesBuildPhase section */

/* Begin PBXVariantGroup section */
		D084E5FD2331D3F400BAE45E /* Main.storyboard */ = {
			isa = PBXVariantGroup;
			children = (
				D084E5FE2331D3F400BAE45E /* Base */,
			);
			name = Main.storyboard;
			sourceTree = "<group>";
		};
/* End PBXVariantGroup section */

/* Begin XCBuildConfiguration section */
		D084E6022331D3F400BAE45E /* Debug */ = {
			isa = XCBuildConfiguration;
			buildSettings = {
				ALWAYS_SEARCH_USER_PATHS = NO;
				CLANG_ANALYZER_NONNULL = YES;
				CLANG_ANALYZER_NUMBER_OBJECT_CONVERSION = YES_AGGRESSIVE;
				CLANG_CXX_LANGUAGE_STANDARD = "gnu++14";
				CLANG_CXX_LIBRARY = "libc++";
				CLANG_ENABLE_MODULES = YES;
				CLANG_ENABLE_OBJC_ARC = YES;
				CLANG_ENABLE_OBJC_WEAK = YES;
				CLANG_WARN_BLOCK_CAPTURE_AUTORELEASING = YES;
				CLANG_WARN_BOOL_CONVERSION = YES;
				CLANG_WARN_COMMA = YES;
				CLANG_WARN_CONSTANT_CONVERSION = YES;
				CLANG_WARN_DEPRECATED_OBJC_IMPLEMENTATIONS = YES;
				CLANG_WARN_DIRECT_OBJC_ISA_USAGE = YES_ERROR;
				CLANG_WARN_DOCUMENTATION_COMMENTS = YES;
				CLANG_WARN_EMPTY_BODY = YES;
				CLANG_WARN_ENUM_CONVERSION = YES;
				CLANG_WARN_INFINITE_RECURSION = YES;
				CLANG_WARN_INT_CONVERSION = YES;
				CLANG_WARN_NON_LITERAL_NULL_CONVERSION = YES;
				CLANG_WARN_OBJC_IMPLICIT_RETAIN_SELF = YES;
				CLANG_WARN_OBJC_LITERAL_CONVERSION = YES;
				CLANG_WARN_OBJC_ROOT_CLASS = YES_ERROR;
				CLANG_WARN_RANGE_LOOP_ANALYSIS = YES;
				CLANG_WARN_STRICT_PROTOTYPES = YES;
				CLANG_WARN_SUSPICIOUS_MOVE = YES;
				CLANG_WARN_UNGUARDED_AVAILABILITY = YES_AGGRESSIVE;
				CLANG_WARN_UNREACHABLE_CODE = YES;
				CLANG_WARN__DUPLICATE_METHOD_MATCH = YES;
				CODE_SIGN_IDENTITY = "Mac Developer";
				COPY_PHASE_STRIP = NO;
				DEBUG_INFORMATION_FORMAT = dwarf;
				ENABLE_STRICT_OBJC_MSGSEND = YES;
				ENABLE_TESTABILITY = YES;
				GCC_C_LANGUAGE_STANDARD = gnu11;
				GCC_DYNAMIC_NO_PIC = NO;
				GCC_NO_COMMON_BLOCKS = YES;
				GCC_OPTIMIZATION_LEVEL = 0;
				GCC_PREPROCESSOR_DEFINITIONS = (
					"DEBUG=1",
					"$(inherited)",
				);
				GCC_WARN_64_TO_32_BIT_CONVERSION = YES;
				GCC_WARN_ABOUT_RETURN_TYPE = YES_ERROR;
				GCC_WARN_UNDECLARED_SELECTOR = YES;
				GCC_WARN_UNINITIALIZED_AUTOS = YES_AGGRESSIVE;
				GCC_WARN_UNUSED_FUNCTION = YES;
				GCC_WARN_UNUSED_VARIABLE = YES;
				MACOSX_DEPLOYMENT_TARGET = 10.14;
				MTL_ENABLE_DEBUG_INFO = INCLUDE_SOURCE;
				MTL_FAST_MATH = YES;
				ONLY_ACTIVE_ARCH = YES;
				SDKROOT = macosx;
				SWIFT_ACTIVE_COMPILATION_CONDITIONS = DEBUG;
				SWIFT_OPTIMIZATION_LEVEL = "-Onone";
			};
			name = Debug;
		};
		D084E6032331D3F400BAE45E /* Release */ = {
			isa = XCBuildConfiguration;
			buildSettings = {
				ALWAYS_SEARCH_USER_PATHS = NO;
				CLANG_ANALYZER_NONNULL = YES;
				CLANG_ANALYZER_NUMBER_OBJECT_CONVERSION = YES_AGGRESSIVE;
				CLANG_CXX_LANGUAGE_STANDARD = "gnu++14";
				CLANG_CXX_LIBRARY = "libc++";
				CLANG_ENABLE_MODULES = YES;
				CLANG_ENABLE_OBJC_ARC = YES;
				CLANG_ENABLE_OBJC_WEAK = YES;
				CLANG_WARN_BLOCK_CAPTURE_AUTORELEASING = YES;
				CLANG_WARN_BOOL_CONVERSION = YES;
				CLANG_WARN_COMMA = YES;
				CLANG_WARN_CONSTANT_CONVERSION = YES;
				CLANG_WARN_DEPRECATED_OBJC_IMPLEMENTATIONS = YES;
				CLANG_WARN_DIRECT_OBJC_ISA_USAGE = YES_ERROR;
				CLANG_WARN_DOCUMENTATION_COMMENTS = YES;
				CLANG_WARN_EMPTY_BODY = YES;
				CLANG_WARN_ENUM_CONVERSION = YES;
				CLANG_WARN_INFINITE_RECURSION = YES;
				CLANG_WARN_INT_CONVERSION = YES;
				CLANG_WARN_NON_LITERAL_NULL_CONVERSION = YES;
				CLANG_WARN_OBJC_IMPLICIT_RETAIN_SELF = YES;
				CLANG_WARN_OBJC_LITERAL_CONVERSION = YES;
				CLANG_WARN_OBJC_ROOT_CLASS = YES_ERROR;
				CLANG_WARN_RANGE_LOOP_ANALYSIS = YES;
				CLANG_WARN_STRICT_PROTOTYPES = YES;
				CLANG_WARN_SUSPICIOUS_MOVE = YES;
				CLANG_WARN_UNGUARDED_AVAILABILITY = YES_AGGRESSIVE;
				CLANG_WARN_UNREACHABLE_CODE = YES;
				CLANG_WARN__DUPLICATE_METHOD_MATCH = YES;
				CODE_SIGN_IDENTITY = "Mac Developer";
				COPY_PHASE_STRIP = NO;
				DEBUG_INFORMATION_FORMAT = "dwarf-with-dsym";
				ENABLE_NS_ASSERTIONS = NO;
				ENABLE_STRICT_OBJC_MSGSEND = YES;
				GCC_C_LANGUAGE_STANDARD = gnu11;
				GCC_NO_COMMON_BLOCKS = YES;
				GCC_WARN_64_TO_32_BIT_CONVERSION = YES;
				GCC_WARN_ABOUT_RETURN_TYPE = YES_ERROR;
				GCC_WARN_UNDECLARED_SELECTOR = YES;
				GCC_WARN_UNINITIALIZED_AUTOS = YES_AGGRESSIVE;
				GCC_WARN_UNUSED_FUNCTION = YES;
				GCC_WARN_UNUSED_VARIABLE = YES;
				MACOSX_DEPLOYMENT_TARGET = 10.14;
				MTL_ENABLE_DEBUG_INFO = NO;
				MTL_FAST_MATH = YES;
				SDKROOT = macosx;
				SWIFT_COMPILATION_MODE = wholemodule;
				SWIFT_OPTIMIZATION_LEVEL = "-O";
			};
			name = Release;
		};
		D084E6052331D3F400BAE45E /* Debug */ = {
			isa = XCBuildConfiguration;
			buildSettings = {
				ASSETCATALOG_COMPILER_APPICON_NAME = AppIcon;
				CODE_SIGN_ENTITLEMENTS = MovesensePromiscuousMac/MovesensePromiscuousMac.entitlements;
				CODE_SIGN_STYLE = Automatic;
				COMBINE_HIDPI_IMAGES = YES;
				DEVELOPMENT_TEAM = 6N25VDH5A9;
				INFOPLIST_FILE = MovesensePromiscuousMac/Info.plist;
				LD_RUNPATH_SEARCH_PATHS = (
					"$(inherited)",
					"@executable_path/../Frameworks",
				);
				PRODUCT_BUNDLE_IDENTIFIER = com.mayurbhandary.MovesensePromiscuousMac;
				PRODUCT_NAME = "$(TARGET_NAME)";
				SWIFT_VERSION = 5.0;
			};
			name = Debug;
		};
		D084E6062331D3F400BAE45E /* Release */ = {
			isa = XCBuildConfiguration;
			buildSettings = {
				ASSETCATALOG_COMPILER_APPICON_NAME = AppIcon;
				CODE_SIGN_ENTITLEMENTS = MovesensePromiscuousMac/MovesensePromiscuousMac.entitlements;
				CODE_SIGN_STYLE = Automatic;
				COMBINE_HIDPI_IMAGES = YES;
				DEVELOPMENT_TEAM = 6N25VDH5A9;
				INFOPLIST_FILE = MovesensePromiscuousMac/Info.plist;
				LD_RUNPATH_SEARCH_PATHS = (
					"$(inherited)",
					"@executable_path/../Frameworks",
				);
				PRODUCT_BUNDLE_IDENTIFIER = com.mayurbhandary.MovesensePromiscuousMac;
				PRODUCT_NAME = "$(TARGET_NAME)";
				SWIFT_VERSION = 5.0;
			};
			name = Release;
		};
/* End XCBuildConfiguration section */

/* Begin XCConfigurationList section */
		D084E5EF2331D3F100BAE45E /* Build configuration list for PBXProject "MovesensePromiscuousMac" */ = {
			isa = XCConfigurationList;
			buildConfigurations = (
				D084E6022331D3F400BAE45E /* Debug */,
				D084E6032331D3F400BAE45E /* Release */,
			);
			defaultConfigurationIsVisible = 0;
			defaultConfigurationName = Release;
		};
		D084E6042331D3F400BAE45E /* Build configuration list for PBXNativeTarget "MovesensePromiscuousMac" */ = {
			isa = XCConfigurationList;
			buildConfigurations = (
				D084E6052331D3F400BAE45E /* Debug */,
				D084E6062331D3F400BAE45E /* Release */,
			);
			defaultConfigurationIsVisible = 0;
			defaultConfigurationName = Release;
		};
/* End XCConfigurationList section */
	};
	rootObject = D084E5EC2331D3F100BAE45E /* Project object */;
}
